// !$*UTF8*$!
{
	archiveVersion = 1;
	classes = {
	};
	objectVersion = 60;
	objects = {

/* Begin PBXBuildFile section */
		100000000000000000000001 /* MacDiskInspectorApp.swift in Sources */ = {isa = PBXBuildFile; fileRef = 200000000000000000000001 /* MacDiskInspectorApp.swift */; };
		100000000000000000000002 /* InspectorViewModel.swift in Sources */ = {isa = PBXBuildFile; fileRef = 200000000000000000000002 /* InspectorViewModel.swift */; };
		100000000000000000000003 /* ContentView.swift in Sources */ = {isa = PBXBuildFile; fileRef = 200000000000000000000003 /* ContentView.swift */; };
		100000000000000000000004 /* PrivacyInfo.xcprivacy in Resources */ = {isa = PBXBuildFile; fileRef = 200000000000000000000006 /* PrivacyInfo.xcprivacy */; };
		100000000000000000000005 /* DiskInspectorCore in Frameworks */ = {isa = PBXBuildFile; productRef = A00000000000000000000002 /* DiskInspectorCore */; };
		100000000000000000000006 /* Assets.xcassets in Resources */ = {isa = PBXBuildFile; fileRef = 200000000000000000000009 /* Assets.xcassets */; };
		100000000000000000000007 /* LiquidGlassSupport.swift in Sources */ = {isa = PBXBuildFile; fileRef = 20000000000000000000000A /* LiquidGlassSupport.swift */; };
		100000000000000000000008 /* AboutSettingsView.swift in Sources */ = {isa = PBXBuildFile; fileRef = 20000000000000000000000B /* AboutSettingsView.swift */; };
/* End PBXBuildFile section */

/* Begin PBXFileReference section */
		200000000000000000000001 /* MacDiskInspectorApp.swift */ = {isa = PBXFileReference; lastKnownFileType = sourcecode.swift; path = MacDiskInspectorApp.swift; sourceTree = "<group>"; };
		200000000000000000000002 /* InspectorViewModel.swift */ = {isa = PBXFileReference; lastKnownFileType = sourcecode.swift; path = InspectorViewModel.swift; sourceTree = "<group>"; };
		200000000000000000000003 /* ContentView.swift */ = {isa = PBXFileReference; lastKnownFileType = sourcecode.swift; path = ContentView.swift; sourceTree = "<group>"; };
		200000000000000000000004 /* Info.plist */ = {isa = PBXFileReference; lastKnownFileType = text.plist.xml; path = Info.plist; sourceTree = "<group>"; };
		200000000000000000000005 /* MacDiskInspector.entitlements */ = {isa = PBXFileReference; lastKnownFileType = text.plist.entitlements; path = MacDiskInspector.entitlements; sourceTree = "<group>"; };
		200000000000000000000006 /* PrivacyInfo.xcprivacy */ = {isa = PBXFileReference; lastKnownFileType = text.xml; path = PrivacyInfo.xcprivacy; sourceTree = "<group>"; };
		200000000000000000000007 /* ExportOptions.plist */ = {isa = PBXFileReference; lastKnownFileType = text.plist.xml; path = ExportOptions.plist; sourceTree = "<group>"; };
		200000000000000000000008 /* Mac 磁盘扫描助手.app */ = {isa = PBXFileReference; explicitFileType = wrapper.application; includeInIndex = 0; path = "Mac 磁盘扫描助手.app"; sourceTree = BUILT_PRODUCTS_DIR; };
		200000000000000000000009 /* Assets.xcassets */ = {isa = PBXFileReference; lastKnownFileType = folder.assetcatalog; path = Assets.xcassets; sourceTree = "<group>"; };
		20000000000000000000000A /* LiquidGlassSupport.swift */ = {isa = PBXFileReference; lastKnownFileType = sourcecode.swift; path = LiquidGlassSupport.swift; sourceTree = "<group>"; };
		20000000000000000000000B /* AboutSettingsView.swift */ = {isa = PBXFileReference; lastKnownFileType = sourcecode.swift; path = AboutSettingsView.swift; sourceTree = "<group>"; };
/* End PBXFileReference section */

/* Begin PBXFrameworksBuildPhase section */
		300000000000000000000001 /* Frameworks */ = {
			isa = PBXFrameworksBuildPhase;
			buildActionMask = 2147483647;
			files = (
				100000000000000000000005 /* DiskInspectorCore in Frameworks */,
			);
			runOnlyForDeploymentPostprocessing = 0;
		};
/* End PBXFrameworksBuildPhase section */

/* Begin PBXGroup section */
		400000000000000000000001 = {
			isa = PBXGroup;
			children = (
				400000000000000000000002 /* MacDiskInspectorApp */,
				400000000000000000000003 /* App */,
				400000000000000000000004 /* Products */,
			);
			sourceTree = "<group>";
		};
		400000000000000000000002 /* MacDiskInspectorApp */ = {
			isa = PBXGroup;
			children = (
				200000000000000000000001 /* MacDiskInspectorApp.swift */,
				200000000000000000000002 /* InspectorViewModel.swift */,
				200000000000000000000003 /* ContentView.swift */,
				20000000000000000000000A /* LiquidGlassSupport.swift */,
				20000000000000000000000B /* AboutSettingsView.swift */,
			);
			name = MacDiskInspectorApp;
			path = Sources/MacDiskInspectorApp;
			sourceTree = "<group>";
		};
		400000000000000000000003 /* App */ = {
			isa = PBXGroup;
			children = (
				200000000000000000000004 /* Info.plist */,
				200000000000000000000005 /* MacDiskInspector.entitlements */,
				200000000000000000000006 /* PrivacyInfo.xcprivacy */,
				200000000000000000000007 /* ExportOptions.plist */,
				200000000000000000000009 /* Assets.xcassets */,
			);
			path = App;
			sourceTree = "<group>";
		};
		400000000000000000000004 /* Products */ = {
			isa = PBXGroup;
			children = (
				200000000000000000000008 /* Mac 磁盘扫描助手.app */,
			);
			name = Products;
			sourceTree = "<group>";
		};
/* End PBXGroup section */

/* Begin PBXNativeTarget section */
		500000000000000000000001 /* MacDiskInspector */ = {
			isa = PBXNativeTarget;
			buildConfigurationList = 900000000000000000000002 /* Build configuration list for PBXNativeTarget "MacDiskInspector" */;
			buildPhases = (
				700000000000000000000001 /* Sources */,
				300000000000000000000001 /* Frameworks */,
				600000000000000000000001 /* Resources */,
			);
			buildRules = (
			);
			dependencies = (
			);
			name = MacDiskInspector;
			packageProductDependencies = (
				A00000000000000000000002 /* DiskInspectorCore */,
			);
			productName = "Mac 磁盘扫描助手";
			productReference = 200000000000000000000008 /* Mac 磁盘扫描助手.app */;
			productType = "com.apple.product-type.application";
		};
/* End PBXNativeTarget section */

/* Begin PBXProject section */
		800000000000000000000001 /* Project object */ = {
			isa = PBXProject;
			attributes = {
				BuildIndependentTargetsInParallel = 1;
				LastSwiftUpdateCheck = 2650;
				LastUpgradeCheck = 2650;
				TargetAttributes = {
					500000000000000000000001 = {
						CreatedOnToolsVersion = 26.5;
					};
				};
			};
			buildConfigurationList = 900000000000000000000001 /* Build configuration list for PBXProject "MacDiskInspector" */;
			compatibilityVersion = "Xcode 15.0";
			developmentRegion = "zh-Hans";
			hasScannedForEncodings = 0;
			knownRegions = (
				en,
				Base,
				"zh-Hans",
			);
			mainGroup = 400000000000000000000001;
			packageReferences = (
				A00000000000000000000001 /* XCLocalSwiftPackageReference "." */,
			);
			productRefGroup = 400000000000000000000004 /* Products */;
			projectDirPath = "";
			projectRoot = "";
			targets = (
				500000000000000000000001 /* MacDiskInspector */,
			);
		};
/* End PBXProject section */

/* Begin PBXResourcesBuildPhase section */
		600000000000000000000001 /* Resources */ = {
			isa = PBXResourcesBuildPhase;
			buildActionMask = 2147483647;
			files = (
				100000000000000000000004 /* PrivacyInfo.xcprivacy in Resources */,
				100000000000000000000006 /* Assets.xcassets in Resources */,
			);
			runOnlyForDeploymentPostprocessing = 0;
		};
/* End PBXResourcesBuildPhase section */

/* Begin PBXSourcesBuildPhase section */
		700000000000000000000001 /* Sources */ = {
			isa = PBXSourcesBuildPhase;
			buildActionMask = 2147483647;
			files = (
				100000000000000000000001 /* MacDiskInspectorApp.swift in Sources */,
				100000000000000000000002 /* InspectorViewModel.swift in Sources */,
				100000000000000000000003 /* ContentView.swift in Sources */,
				100000000000000000000007 /* LiquidGlassSupport.swift in Sources */,
				100000000000000000000008 /* AboutSettingsView.swift in Sources */,
			);
			runOnlyForDeploymentPostprocessing = 0;
		};
/* End PBXSourcesBuildPhase section */

/* Begin XCBuildConfiguration section */
		910000000000000000000001 /* Debug */ = {
			isa = XCBuildConfiguration;
			buildSettings = {
				CLANG_ENABLE_MODULES = YES;
				CLANG_ENABLE_OBJC_ARC = YES;
				MACOSX_DEPLOYMENT_TARGET = 13.0;
				SDKROOT = macosx;
				SWIFT_VERSION = 5.0;
			};
			name = Debug;
		};
		910000000000000000000002 /* Release */ = {
			isa = XCBuildConfiguration;
			buildSettings = {
				CLANG_ENABLE_MODULES = YES;
				CLANG_ENABLE_OBJC_ARC = YES;
				MACOSX_DEPLOYMENT_TARGET = 13.0;
				SDKROOT = macosx;
				SWIFT_COMPILATION_MODE = wholemodule;
				SWIFT_OPTIMIZATION_LEVEL = "-O";
				SWIFT_VERSION = 5.0;
			};
			name = Release;
		};
		910000000000000000000003 /* Debug */ = {
			isa = XCBuildConfiguration;
			buildSettings = {
				ASSETCATALOG_COMPILER_APPICON_NAME = AppIcon;
				CODE_SIGN_ENTITLEMENTS = App/MacDiskInspector.entitlements;
				CODE_SIGN_STYLE = Automatic;
				CURRENT_PROJECT_VERSION = 6;
				DEAD_CODE_STRIPPING = YES;
				ENABLE_APP_SANDBOX = YES;
				ENABLE_HARDENED_RUNTIME = YES;
				EXECUTABLE_NAME = MacDiskInspector;
				GENERATE_INFOPLIST_FILE = NO;
				INFOPLIST_FILE = App/Info.plist;
				LD_RUNPATH_SEARCH_PATHS = (
					"$(inherited)",
					"@executable_path/../Frameworks",
				);
				MARKETING_VERSION = 0.2.0;
				PRODUCT_BUNDLE_IDENTIFIER = com.wisdomfish.MacDiskInspector;
				PRODUCT_MODULE_NAME = MacDiskInspector;
				PRODUCT_NAME = "Mac 磁盘扫描助手";
				SWIFT_EMIT_LOC_STRINGS = YES;
				SWIFT_VERSION = 5.0;
			};
			name = Debug;
		};
		910000000000000000000004 /* Release */ = {
			isa = XCBuildConfiguration;
			buildSettings = {
				ASSETCATALOG_COMPILER_APPICON_NAME = AppIcon;
				CODE_SIGN_ENTITLEMENTS = App/MacDiskInspector.entitlements;
				CODE_SIGN_INJECT_BASE_ENTITLEMENTS = NO;
				CODE_SIGN_STYLE = Automatic;
				CURRENT_PROJECT_VERSION = 6;
				DEAD_CODE_STRIPPING = YES;
				ENABLE_APP_SANDBOX = YES;
				ENABLE_HARDENED_RUNTIME = YES;
				EXECUTABLE_NAME = MacDiskInspector;
				GENERATE_INFOPLIST_FILE = NO;
				INFOPLIST_FILE = App/Info.plist;
				LD_RUNPATH_SEARCH_PATHS = (
					"$(inherited)",
					"@executable_path/../Frameworks",
				);
				MARKETING_VERSION = 0.2.0;
				PRODUCT_BUNDLE_IDENTIFIER = com.wisdomfish.MacDiskInspector;
				PRODUCT_MODULE_NAME = MacDiskInspector;
				PRODUCT_NAME = "Mac 磁盘扫描助手";
				SWIFT_EMIT_LOC_STRINGS = YES;
				SWIFT_VERSION = 5.0;
			};
			name = Release;
		};
/* End XCBuildConfiguration section */

/* Begin XCConfigurationList section */
		900000000000000000000001 /* Build configuration list for PBXProject "MacDiskInspector" */ = {
			isa = XCConfigurationList;
			buildConfigurations = (
				910000000000000000000001 /* Debug */,
				910000000000000000000002 /* Release */,
			);
			defaultConfigurationIsVisible = 0;
			defaultConfigurationName = Release;
		};
		900000000000000000000002 /* Build configuration list for PBXNativeTarget "MacDiskInspector" */ = {
			isa = XCConfigurationList;
			buildConfigurations = (
				910000000000000000000003 /* Debug */,
				910000000000000000000004 /* Release */,
			);
			defaultConfigurationIsVisible = 0;
			defaultConfigurationName = Release;
		};
/* End XCConfigurationList section */

/* Begin XCLocalSwiftPackageReference section */
		A00000000000000000000001 /* XCLocalSwiftPackageReference "." */ = {
			isa = XCLocalSwiftPackageReference;
			relativePath = ".";
		};
/* End XCLocalSwiftPackageReference section */

/* Begin XCSwiftPackageProductDependency section */
		A00000000000000000000002 /* DiskInspectorCore */ = {
			isa = XCSwiftPackageProductDependency;
			package = A00000000000000000000001 /* XCLocalSwiftPackageReference "." */;
			productName = DiskInspectorCore;
		};
/* End XCSwiftPackageProductDependency section */
	};
	rootObject = 800000000000000000000001 /* Project object */;
}
